
Microsoft Visual Studio Solution File, Format Version 12.00
# Visual Studio 15
VisualStudioVersion = 15.0.28307.136
MinimumVisualStudioVersion = 10.0.40219.1
Project("{FAE04EC0-301F-11D3-BF4B-00C04F79EFBC}") = "TotalTagger", "MusicTagTool\TotalTagger.csproj", "{EE3387B8-8128-4959-BC7B-38E53DE0C4E3}"
EndProject
Project("{930C7802-8A8C-48F9-8165-68863BCCD9DD}") = "TotalTaggerInstall", "TotalTaggerInstall\TotalTaggerInstall.wixproj", "{F875A71D-9936-4A2A-B6A7-C951C26D6858}"
EndProject
Global
	GlobalSection(SolutionConfigurationPlatforms) = preSolution
		Debug|Any CPU = Debug|Any CPU
		Debug|x64 = Debug|x64
		Release|Any CPU = Release|Any CPU
		Release|x64 = Release|x64
	EndGlobalSection
	GlobalSection(ProjectConfigurationPlatforms) = postSolution
		{EE3387B8-8128-4959-BC7B-38E53DE0C4E3}.Debug|Any CPU.ActiveCfg = Debug|Any CPU
		{EE3387B8-8128-4959-BC7B-38E53DE0C4E3}.Debug|Any CPU.Build.0 = Debug|Any CPU
		{EE3387B8-8128-4959-BC7B-38E53DE0C4E3}.Debug|x64.ActiveCfg = Debug|Any CPU
		{EE3387B8-8128-4959-BC7B-38E53DE0C4E3}.Debug|x64.Build.0 = Debug|Any CPU
		{EE3387B8-8128-4959-BC7B-38E53DE0C4E3}.Release|Any CPU.ActiveCfg = Release|Any CPU
		{EE3387B8-8128-4959-BC7B-38E53DE0C4E3}.Release|Any CPU.Build.0 = Release|Any CPU
		{EE3387B8-8128-4959-BC7B-38E53DE0C4E3}.Release|x64.ActiveCfg = Release|Any CPU
		{EE3387B8-8128-4959-BC7B-38E53DE0C4E3}.Release|x64.Build.0 = Release|Any CPU
		{F875A71D-9936-4A2A-B6A7-C951C26D6858}.Debug|Any CPU.ActiveCfg = Debug|x86
		{F875A71D-9936-4A2A-B6A7-C951C26D6858}.Debug|x64.ActiveCfg = Debug|x64
		{F875A71D-9936-4A2A-B6A7-C951C26D6858}.Debug|x64.Build.0 = Debug|x64
		{F875A71D-9936-4A2A-B6A7-C951C26D6858}.Release|Any CPU.ActiveCfg = Release|x86
		{F875A71D-9936-4A2A-B6A7-C951C26D6858}.Release|x64.ActiveCfg = Release|x64
		{F875A71D-9936-4A2A-B6A7-C951C26D6858}.Release|x64.Build.0 = Release|x64
	EndGlobalSection
	GlobalSection(SolutionProperties) = preSolution
		HideSolutionNode = FALSE
	EndGlobalSection
	GlobalSection(ExtensibilityGlobals) = postSolution
		SolutionGuid = {A9406FDC-015E-4059-957A-1AF38C1AD887}
	EndGlobalSection
EndGlobal
